PODS:
  - Cosmos (19.0.3)
  - Firebase/Analytics (9.6.0):
    - Firebase/Core
  - Firebase/Core (9.6.0):
    - Firebase/CoreOnly
    - FirebaseAnalytics (~> 9.6.0)
  - Firebase/CoreOnly (9.6.0):
    - FirebaseCore (= 9.6.0)
  - Firebase/Crashlytics (9.6.0):
    - Firebase/CoreOnly
    - FirebaseCrashlytics (~> 9.6.0)
  - FirebaseAnalytics (9.6.0):
    - FirebaseAnalytics/AdIdSupport (= 9.6.0)
    - FirebaseCore (~> 9.0)
    - FirebaseInstallations (~> 9.0)
    - GoogleUtilities/AppDelegateSwizzler (~> 7.7)
    - GoogleUtilities/MethodSwizzler (~> 7.7)
    - GoogleUtilities/Network (~> 7.7)
    - "GoogleUtilities/NSData+zlib (~> 7.7)"
    - nanopb (< 2.30910.0, >= 2.30908.0)
  - FirebaseAnalytics/AdIdSupport (9.6.0):
    - FirebaseCore (~> 9.0)
    - FirebaseInstallations (~> 9.0)
    - GoogleAppMeasurement (= 9.6.0)
    - GoogleUtilities/AppDelegateSwizzler (~> 7.7)
    - GoogleUtilities/MethodSwizzler (~> 7.7)
    - GoogleUtilities/Network (~> 7.7)
    - "GoogleUtilities/NSData+zlib (~> 7.7)"
    - nanopb (< 2.30910.0, >= 2.30908.0)
  - FirebaseCore (9.6.0):
    - FirebaseCoreDiagnostics (~> 9.0)
    - FirebaseCoreInternal (~> 9.0)
    - GoogleUtilities/Environment (~> 7.7)
    - GoogleUtilities/Logger (~> 7.7)
  - FirebaseCoreDiagnostics (9.6.0):
    - GoogleDataTransport (< 10.0.0, >= 9.1.4)
    - GoogleUtilities/Environment (~> 7.7)
    - GoogleUtilities/Logger (~> 7.7)
    - nanopb (< 2.30910.0, >= 2.30908.0)
  - FirebaseCoreInternal (9.6.0):
    - "GoogleUtilities/NSData+zlib (~> 7.7)"
  - FirebaseCrashlytics (9.6.0):
    - FirebaseCore (~> 9.0)
    - FirebaseInstallations (~> 9.0)
    - GoogleDataTransport (< 10.0.0, >= 9.1.4)
    - GoogleUtilities/Environment (~> 7.7)
    - nanopb (< 2.30910.0, >= 2.30908.0)
    - PromisesObjC (~> 2.1)
  - FirebaseInstallations (9.6.0):
    - FirebaseCore (~> 9.0)
    - GoogleUtilities/Environment (~> 7.7)
    - GoogleUtilities/UserDefaults (~> 7.7)
    - PromisesObjC (~> 2.1)
  - FLAnimatedImage (1.0.17)
  - GoogleAppMeasurement (9.6.0):
    - GoogleAppMeasurement/AdIdSupport (= 9.6.0)
    - GoogleUtilities/AppDelegateSwizzler (~> 7.7)
    - GoogleUtilities/MethodSwizzler (~> 7.7)
    - GoogleUtilities/Network (~> 7.7)
    - "GoogleUtilities/NSData+zlib (~> 7.7)"
    - nanopb (< 2.30910.0, >= 2.30908.0)
  - GoogleAppMeasurement/AdIdSupport (9.6.0):
    - GoogleAppMeasurement/WithoutAdIdSupport (= 9.6.0)
    - GoogleUtilities/AppDelegateSwizzler (~> 7.7)
    - GoogleUtilities/MethodSwizzler (~> 7.7)
    - GoogleUtilities/Network (~> 7.7)
    - "GoogleUtilities/NSData+zlib (~> 7.7)"
    - nanopb (< 2.30910.0, >= 2.30908.0)
  - GoogleAppMeasurement/WithoutAdIdSupport (9.6.0):
    - GoogleUtilities/AppDelegateSwizzler (~> 7.7)
    - GoogleUtilities/MethodSwizzler (~> 7.7)
    - GoogleUtilities/Network (~> 7.7)
    - "GoogleUtilities/NSData+zlib (~> 7.7)"
    - nanopb (< 2.30910.0, >= 2.30908.0)
  - GoogleDataTransport (9.2.3):
    - GoogleUtilities/Environment (~> 7.7)
    - nanopb (< 2.30910.0, >= 2.30908.0)
    - PromisesObjC (< 3.0, >= 1.2)
  - GoogleUtilities/AppDelegateSwizzler (7.11.1):
    - GoogleUtilities/Environment
    - GoogleUtilities/Logger
    - GoogleUtilities/Network
  - GoogleUtilities/Environment (7.11.1):
    - PromisesObjC (< 3.0, >= 1.2)
  - GoogleUtilities/Logger (7.11.1):
    - GoogleUtilities/Environment
  - GoogleUtilities/MethodSwizzler (7.11.1):
    - GoogleUtilities/Logger
  - GoogleUtilities/Network (7.11.1):
    - GoogleUtilities/Logger
    - "GoogleUtilities/NSData+zlib"
    - GoogleUtilities/Reachability
  - "GoogleUtilities/NSData+zlib (7.11.1)"
  - GoogleUtilities/Reachability (7.11.1):
    - GoogleUtilities/Logger
  - GoogleUtilities/UserDefaults (7.11.1):
    - GoogleUtilities/Logger
  - nanopb (2.30909.0):
    - nanopb/decode (= 2.30909.0)
    - nanopb/encode (= 2.30909.0)
  - nanopb/decode (2.30909.0)
  - nanopb/encode (2.30909.0)
  - Nuke (8.4.1)
  - PromisesObjC (2.2.0)
  - RoxchatClientLibrary (3.0.3):
    - SQLite.swift (= 0.13.3)
  - RoxChatMobileWidget (1.0.0):
    - Cosmos (~> 19.0.3)
    - FLAnimatedImage (~> 1.0)
    - Nuke (~> 8.0)
    - SnapKit
  - SlackTextViewController (1.9.6)
  - SnapKit (5.6.0)
  - SQLite.swift (0.13.3):
    - SQLite.swift/standard (= 0.13.3)
  - SQLite.swift/standard (0.13.3)

DEPENDENCIES:
  - Cosmos (~> 19.0.3)
  - Firebase/Analytics
  - Firebase/Crashlytics
  - Nuke (~> 8.0)
  - RoxchatClientLibrary (from `../`)
  - RoxChatMobileWidget (from `../../mobile-widget-ios`)
  - SlackTextViewController
  - SnapKit
  - SQLite.swift (= 0.13.3)

SPEC REPOS:
  trunk:
    - Cosmos
    - Firebase
    - FirebaseAnalytics
    - FirebaseCore
    - FirebaseCoreDiagnostics
    - FirebaseCoreInternal
    - FirebaseCrashlytics
    - FirebaseInstallations
    - FLAnimatedImage
    - GoogleAppMeasurement
    - GoogleDataTransport
    - GoogleUtilities
    - nanopb
    - Nuke
    - PromisesObjC
    - SlackTextViewController
    - SnapKit
    - SQLite.swift

EXTERNAL SOURCES:
  RoxchatClientLibrary:
    :path: "../"
  RoxChatMobileWidget:
    :path: "../../mobile-widget-ios"

SPEC CHECKSUMS:
  Cosmos: a6fb17284281fa12cf4c85c2efecd440a215ec44
  Firebase: 5ae8b7cf8efce559a653aef0ad95bab3f427c351
  FirebaseAnalytics: 89ad762c6c3852a685794174757e2c60a36b6a82
  FirebaseCore: 2082fffcd855f95f883c0a1641133eb9bbe76d40
  FirebaseCoreDiagnostics: 99a495094b10a57eeb3ae8efa1665700ad0bdaa6
  FirebaseCoreInternal: bca76517fe1ed381e989f5e7d8abb0da8d85bed3
  FirebaseCrashlytics: 3210572ddb77801e5a0bd9d7bc890769f2066a0c
  FirebaseInstallations: 0a115432c4e223c5ab20b0dbbe4cbefa793a0e8e
  FLAnimatedImage: bbf914596368867157cc71b38a8ec834b3eeb32b
  GoogleAppMeasurement: 6de2b1a69e4326eb82ee05d138f6a5cb7311bcb1
  GoogleDataTransport: f0308f5905a745f94fb91fea9c6cbaf3831cb1bd
  GoogleUtilities: 9aa0ad5a7bc171f8bae016300bfcfa3fb8425749
  nanopb: b552cce312b6c8484180ef47159bc0f65a1f0431
  Nuke: d780e3507a86b86c589ab3cc5cd302d5456f06fb
  PromisesObjC: 09985d6d70fbe7878040aa746d78236e6946d2ef
  RoxchatClientLibrary: 8d9609445ebbfbaddb79cf43706199ed2de643aa
  RoxChatMobileWidget: c4cc87c681e03a718a9e3f5648d64b99549ec81c
  SlackTextViewController: b854e62c1c156336bc4fd409c6ca79b5773e8f9d
  SnapKit: e01d52ebb8ddbc333eefe2132acf85c8227d9c25
  SQLite.swift: 903bfa3bc9ab06345fdfbb578e34f47cfcf417da

PODFILE CHECKSUM: 452de4f02c3f6bac1e38ded58b2f2dd6e73baf51

COCOAPODS: 1.13.0
