// !$*UTF8*$!
{
	archiveVersion = 1;
	classes = {
	};
	objectVersion = 54;
	objects = {

/* Begin PBXBuildFile section */
		122DD62127918C0700093609 /* UINavigationController.swift in Sources */ = {isa = PBXBuildFile; fileRef = 122DD62027918C0700093609 /* UINavigationController.swift */; };
		1239B898277F0E2E00D0CC2E /* WMSettingsViewController.swift in Sources */ = {isa = PBXBuildFile; fileRef = 1239B896277F0E2E00D0CC2E /* WMSettingsViewController.swift */; };
		1239B89B277F189200D0CC2E /* WMSettingsViewController+UITableView.swift in Sources */ = {isa = PBXBuildFile; fileRef = 1239B89A277F189200D0CC2E /* WMSettingsViewController+UITableView.swift */; };
		127D2AEC26E6018100FD60DF /* WMTestManager.swift in Sources */ = {isa = PBXBuildFile; fileRef = 127D2AEB26E6018100FD60DF /* WMTestManager.swift */; };
		12887177269D8DCA0080159A /* Localizable.strings in Resources */ = {isa = PBXBuildFile; fileRef = CE5A03BC1FDEB756009D320A /* Localizable.strings */; };
		12925813278BF98D003C3BB2 /* WMSettingsViewController+Setup.swift in Sources */ = {isa = PBXBuildFile; fileRef = 12925812278BF98D003C3BB2 /* WMSettingsViewController+Setup.swift */; };
		1295C6AF2602BB5200F7BE80 /* RoxchatServiceController.swift in Sources */ = {isa = PBXBuildFile; fileRef = 1295C6AE2602BB5200F7BE80 /* RoxchatServiceController.swift */; };
		12ADB880278D753900EC2B1F /* WMSettingsViewController.xib in Resources */ = {isa = PBXBuildFile; fileRef = 12ADB882278D753900EC2B1F /* WMSettingsViewController.xib */; };
		607FACD61AFB9204008FA782 /* AppDelegate.swift in Sources */ = {isa = PBXBuildFile; fileRef = 607FACD51AFB9204008FA782 /* AppDelegate.swift */; };
		607FACD81AFB9204008FA782 /* WMStartViewController.swift in Sources */ = {isa = PBXBuildFile; fileRef = 607FACD71AFB9204008FA782 /* WMStartViewController.swift */; };
		607FACDD1AFB9204008FA782 /* Images.xcassets in Resources */ = {isa = PBXBuildFile; fileRef = 607FACDC1AFB9204008FA782 /* Images.xcassets */; };
		90099CE62E8543EE009E561A /* RoxChatMobileWidget in Frameworks */ = {isa = PBXBuildFile; productRef = 90099CE52E8543EE009E561A /* RoxChatMobileWidget */; };
		90099CEC2E854E5D009E561A /* RoxChatMobileWidget in Frameworks */ = {isa = PBXBuildFile; productRef = 90099CEB2E854E5D009E561A /* RoxChatMobileWidget */; };
		90099CEF2E854EA8009E561A /* RoxChatMobileWidget in Frameworks */ = {isa = PBXBuildFile; productRef = 90099CEE2E854EA8009E561A /* RoxChatMobileWidget */; };
		904D94172E843218000C8502 /* RoxChatMobileWidget in Frameworks */ = {isa = PBXBuildFile; productRef = 904D94162E843218000C8502 /* RoxChatMobileWidget */; };
		904D941D2E843B63000C8502 /* RoxchatClientLibrary in Frameworks */ = {isa = PBXBuildFile; productRef = 904D941C2E843B63000C8502 /* RoxchatClientLibrary */; };
		904D94202E843D45000C8502 /* RoxChatMobileWidget in Frameworks */ = {isa = PBXBuildFile; productRef = 904D941F2E843D45000C8502 /* RoxChatMobileWidget */; };
		90BC0495279A040B0081A75F /* WMStartViewController.xib in Resources */ = {isa = PBXBuildFile; fileRef = 90BC0497279A040B0081A75F /* WMStartViewController.xib */; };
		90C595B92E576E4B00BB70C6 /* FirebaseAnalytics in Frameworks */ = {isa = PBXBuildFile; productRef = 90C595B82E576E4B00BB70C6 /* FirebaseAnalytics */; };
		90C595BD2E576E5C00BB70C6 /* FirebaseAppDistribution-Beta in Frameworks */ = {isa = PBXBuildFile; productRef = 90C595BC2E576E5C00BB70C6 /* FirebaseAppDistribution-Beta */; };
		90C595BF2E576E6A00BB70C6 /* FirebaseAnalyticsOnDeviceConversion in Frameworks */ = {isa = PBXBuildFile; productRef = 90C595BE2E576E6A00BB70C6 /* FirebaseAnalyticsOnDeviceConversion */; };
		90C595C12E576E6F00BB70C6 /* FirebaseAnalyticsWithoutAdIdSupport in Frameworks */ = {isa = PBXBuildFile; productRef = 90C595C02E576E6F00BB70C6 /* FirebaseAnalyticsWithoutAdIdSupport */; };
		90C595C32E576E7600BB70C6 /* FirebaseAppCheck in Frameworks */ = {isa = PBXBuildFile; productRef = 90C595C22E576E7600BB70C6 /* FirebaseAppCheck */; };
		90E6837C2E4A33AF00B8C2AE /* Parser.swift in Sources */ = {isa = PBXBuildFile; fileRef = 90E6837B2E4A33AA00B8C2AE /* Parser.swift */; };
		90E6837E2E4A33D300B8C2AE /* CompletionHandler.swift in Sources */ = {isa = PBXBuildFile; fileRef = 90E6837D2E4A33D200B8C2AE /* CompletionHandler.swift */; };
		90E683812E4A340800B8C2AE /* WMLoginViewController.swift in Sources */ = {isa = PBXBuildFile; fileRef = 90E683802E4A33FA00B8C2AE /* WMLoginViewController.swift */; };
		90E683832E4A344800B8C2AE /* WMLoginViewController.xib in Resources */ = {isa = PBXBuildFile; fileRef = 90E683822E4A344800B8C2AE /* WMLoginViewController.xib */; };
		90E683862E4A34D800B8C2AE /* WMSelectAccountViewController.swift in Sources */ = {isa = PBXBuildFile; fileRef = 90E683852E4A34D700B8C2AE /* WMSelectAccountViewController.swift */; };
		90E683882E4A352500B8C2AE /* WMSelectAccountViewController.xib in Resources */ = {isa = PBXBuildFile; fileRef = 90E683872E4A352500B8C2AE /* WMSelectAccountViewController.xib */; };
		90E6838B2E4A374F00B8C2AE /* RoxChatMobileWidget in Frameworks */ = {isa = PBXBuildFile; productRef = 90E6838A2E4A374F00B8C2AE /* RoxChatMobileWidget */; };
		90E683902E4A382F00B8C2AE /* SelectVisitorViewController.swift in Sources */ = {isa = PBXBuildFile; fileRef = 90E6838F2E4A382800B8C2AE /* SelectVisitorViewController.swift */; };
		90E683922E4A392600B8C2AE /* SelectVisitorViewController.xib in Resources */ = {isa = PBXBuildFile; fileRef = 90E683912E4A392500B8C2AE /* SelectVisitorViewController.xib */; };
		90E683952E4A39B200B8C2AE /* SelectVisitorTableViewCell.swift in Sources */ = {isa = PBXBuildFile; fileRef = 90E683942E4A39B200B8C2AE /* SelectVisitorTableViewCell.swift */; };
		90E683972E4A39D000B8C2AE /* SelectVisitorTableViewCell.xib in Resources */ = {isa = PBXBuildFile; fileRef = 90E683962E4A39D000B8C2AE /* SelectVisitorTableViewCell.xib */; };
		90E683992E4A3A5500B8C2AE /* WMSettingsViewController+SelectUser.swift in Sources */ = {isa = PBXBuildFile; fileRef = 90E683982E4A3A4800B8C2AE /* WMSettingsViewController+SelectUser.swift */; };
		90E6839C2E4A3B5B00B8C2AE /* NetworkUtils.swift in Sources */ = {isa = PBXBuildFile; fileRef = 90E6839B2E4A3B4F00B8C2AE /* NetworkUtils.swift */; };
		90E6839E2E4A3B8900B8C2AE /* URLRequest.swift in Sources */ = {isa = PBXBuildFile; fileRef = 90E6839D2E4A3B8200B8C2AE /* URLRequest.swift */; };
		90E683A02E4A3BA200B8C2AE /* CustomButton.swift in Sources */ = {isa = PBXBuildFile; fileRef = 90E6839F2E4A3B9700B8C2AE /* CustomButton.swift */; };
		90E683A22E4A3BDC00B8C2AE /* DemoVisitor.swift in Sources */ = {isa = PBXBuildFile; fileRef = 90E683A12E4A3BCA00B8C2AE /* DemoVisitor.swift */; };
		90E683A52E4A3CFD00B8C2AE /* RoxchatService+Delegate.swift in Sources */ = {isa = PBXBuildFile; fileRef = 90E683A42E4A3CF900B8C2AE /* RoxchatService+Delegate.swift */; };
		90E683A72E4A3D1200B8C2AE /* RoxchatService+Extension.swift in Sources */ = {isa = PBXBuildFile; fileRef = 90E683A62E4A3D0A00B8C2AE /* RoxchatService+Extension.swift */; };
		90E683A92E4A3F8100B8C2AE /* RoxchatPingManager.swift in Sources */ = {isa = PBXBuildFile; fileRef = 90E683A82E4A3F7300B8C2AE /* RoxchatPingManager.swift */; };
		90E683AB2E4A3FC300B8C2AE /* ExternalWidgetBuilder.swift in Sources */ = {isa = PBXBuildFile; fileRef = 90E683AA2E4A3FB500B8C2AE /* ExternalWidgetBuilder.swift */; };
		90E683AD2E4A3FD500B8C2AE /* WMVisitorFieldsParser.swift in Sources */ = {isa = PBXBuildFile; fileRef = 90E683AC2E4A3FCE00B8C2AE /* WMVisitorFieldsParser.swift */; };
		90E683AF2E4A400500B8C2AE /* WMVisitorFieldsManager.swift in Sources */ = {isa = PBXBuildFile; fileRef = 90E683AE2E4A3FFE00B8C2AE /* WMVisitorFieldsManager.swift */; };
		90E683B12E4A40B500B8C2AE /* UserDefaultsManager.swift in Sources */ = {isa = PBXBuildFile; fileRef = 90E683B02E4A40A600B8C2AE /* UserDefaultsManager.swift */; };
		90E683B32E4A40C600B8C2AE /* NetworkManager.swift in Sources */ = {isa = PBXBuildFile; fileRef = 90E683B22E4A40BD00B8C2AE /* NetworkManager.swift */; };
		90E683B72E4A444D00B8C2AE /* UIWindow.swift in Sources */ = {isa = PBXBuildFile; fileRef = 90E683B62E4A444700B8C2AE /* UIWindow.swift */; };
		90FB329A2E855096003FBE91 /* RoxChatMobileWidget in Frameworks */ = {isa = PBXBuildFile; productRef = 90FB32992E855096003FBE91 /* RoxChatMobileWidget */; };
		BE17D41E285B7DCD00DB606D /* WMLogsViewController.swift in Sources */ = {isa = PBXBuildFile; fileRef = BE17D41C285B7DCD00DB606D /* WMLogsViewController.swift */; };
		BE17D41F285B7DCD00DB606D /* WMLogsViewController.xib in Resources */ = {isa = PBXBuildFile; fileRef = BE17D41D285B7DCD00DB606D /* WMLogsViewController.xib */; };
		BE385E0C286EB8FA00BCEB7A /* NavigationBarUpdater.swift in Sources */ = {isa = PBXBuildFile; fileRef = BE385E0B286EB8FA00BCEB7A /* NavigationBarUpdater.swift */; };
		CE45EDE01F95F9F700F56319 /* MimeType.swift in Sources */ = {isa = PBXBuildFile; fileRef = CE45EDDF1F95F95C00F56319 /* MimeType.swift */; };
		CE591A431FC2F31E004C95EE /* RoxchatService.swift in Sources */ = {isa = PBXBuildFile; fileRef = CE591A421FC2F31E004C95EE /* RoxchatService.swift */; };
		CE88BCD31FCD88EA00A4FA2E /* Settings.swift in Sources */ = {isa = PBXBuildFile; fileRef = CE88BCD21FCD88EA00A4FA2E /* Settings.swift */; };
		CEA849051FFCE29A006CC417 /* UITableView.swift in Sources */ = {isa = PBXBuildFile; fileRef = CEA849041FFCE29A006CC417 /* UITableView.swift */; };
		CEBFB67F2018CB0F00D9E5F6 /* String.swift in Sources */ = {isa = PBXBuildFile; fileRef = CEBFB67E2018CB0F00D9E5F6 /* String.swift */; };
		CEBFB6812018E50500D9E5F6 /* UIViewController.swift in Sources */ = {isa = PBXBuildFile; fileRef = CEBFB6802018E50500D9E5F6 /* UIViewController.swift */; };
		DD71AD05234DAFDC00A32FB6 /* UIAlertHandler.swift in Sources */ = {isa = PBXBuildFile; fileRef = DD71AD04234DAFDC00A32FB6 /* UIAlertHandler.swift */; };
		DD8A8D2D232A3E200011D275 /* LaunchScreenController.swift in Sources */ = {isa = PBXBuildFile; fileRef = DD8A8D2C232A3E200011D275 /* LaunchScreenController.swift */; };
		DD8A8D37233001510011D275 /* UIView.swift in Sources */ = {isa = PBXBuildFile; fileRef = DD8A8D36233001510011D275 /* UIView.swift */; };
		DDC7924123573CB500AF424F /* LaunchScreenController.storyboard in Resources */ = {isa = PBXBuildFile; fileRef = DDC7924323573CB500AF424F /* LaunchScreenController.storyboard */; };
		DDC7924623573CFF00AF424F /* LaunchScreen.storyboard in Resources */ = {isa = PBXBuildFile; fileRef = DDC7924823573CFF00AF424F /* LaunchScreen.storyboard */; };
		DDCC52582356333400D39F8A /* ImageConstants.swift in Sources */ = {isa = PBXBuildFile; fileRef = DDCC52572356333400D39F8A /* ImageConstants.swift */; };
		DDCC525A2356360F00D39F8A /* ColourConstants.swift in Sources */ = {isa = PBXBuildFile; fileRef = DDCC52592356360F00D39F8A /* ColourConstants.swift */; };
/* End PBXBuildFile section */

/* Begin PBXFileReference section */
		11536EB328ABC53D009865AD /* GoogleService-Info.plist */ = {isa = PBXFileReference; lastKnownFileType = text.plist.xml; name = "GoogleService-Info.plist"; path = "RoxchatClientLibrary/GoogleService-Info.plist"; sourceTree = "<group>"; };
		122DD62027918C0700093609 /* UINavigationController.swift */ = {isa = PBXFileReference; fileEncoding = 4; lastKnownFileType = sourcecode.swift; path = UINavigationController.swift; sourceTree = "<group>"; };
		1239B896277F0E2E00D0CC2E /* WMSettingsViewController.swift */ = {isa = PBXFileReference; lastKnownFileType = sourcecode.swift; path = WMSettingsViewController.swift; sourceTree = "<group>"; };
		1239B89A277F189200D0CC2E /* WMSettingsViewController+UITableView.swift */ = {isa = PBXFileReference; lastKnownFileType = sourcecode.swift; path = "WMSettingsViewController+UITableView.swift"; sourceTree = "<group>"; };
		127D2AEB26E6018100FD60DF /* WMTestManager.swift */ = {isa = PBXFileReference; lastKnownFileType = sourcecode.swift; path = WMTestManager.swift; sourceTree = "<group>"; };
		12925812278BF98D003C3BB2 /* WMSettingsViewController+Setup.swift */ = {isa = PBXFileReference; lastKnownFileType = sourcecode.swift; path = "WMSettingsViewController+Setup.swift"; sourceTree = "<group>"; };
		1295C6AE2602BB5200F7BE80 /* RoxchatServiceController.swift */ = {isa = PBXFileReference; lastKnownFileType = sourcecode.swift; path = RoxchatServiceController.swift; sourceTree = "<group>"; };
		12ADB87A278D749C00EC2B1F /* en */ = {isa = PBXFileReference; lastKnownFileType = text.plist.strings; name = en; path = en.lproj/Localizable.strings; sourceTree = "<group>"; };
		12ADB881278D753900EC2B1F /* Base */ = {isa = PBXFileReference; lastKnownFileType = file.xib; name = Base; path = Base.lproj/WMSettingsViewController.xib; sourceTree = "<group>"; };
		607FACD01AFB9204008FA782 /* RoxchatClientLibrary_Example.app */ = {isa = PBXFileReference; explicitFileType = wrapper.application; includeInIndex = 0; path = RoxchatClientLibrary_Example.app; sourceTree = BUILT_PRODUCTS_DIR; };
		607FACD41AFB9204008FA782 /* Info.plist */ = {isa = PBXFileReference; lastKnownFileType = text.plist.xml; path = Info.plist; sourceTree = "<group>"; };
		607FACD51AFB9204008FA782 /* AppDelegate.swift */ = {isa = PBXFileReference; lastKnownFileType = sourcecode.swift; path = AppDelegate.swift; sourceTree = "<group>"; };
		607FACD71AFB9204008FA782 /* WMStartViewController.swift */ = {isa = PBXFileReference; lastKnownFileType = sourcecode.swift; path = WMStartViewController.swift; sourceTree = "<group>"; };
		607FACDC1AFB9204008FA782 /* Images.xcassets */ = {isa = PBXFileReference; lastKnownFileType = folder.assetcatalog; path = Images.xcassets; sourceTree = "<group>"; };
		9083159427F1AC2400774EE0 /* en */ = {isa = PBXFileReference; lastKnownFileType = text.plist.strings; name = en; path = en.lproj/WMSettingsViewController.strings; sourceTree = "<group>"; };
		90BC0496279A040B0081A75F /* Base */ = {isa = PBXFileReference; lastKnownFileType = file.xib; name = Base; path = Base.lproj/WMStartViewController.xib; sourceTree = "<group>"; };
		90BC0499279A045F0081A75F /* en */ = {isa = PBXFileReference; lastKnownFileType = text.plist.strings; name = en; path = en.lproj/WMStartViewController.strings; sourceTree = "<group>"; };
		90C595B12E5764E400BB70C6 /* Cartfile */ = {isa = PBXFileReference; lastKnownFileType = text; path = Cartfile; sourceTree = "<group>"; };
		90E6837B2E4A33AA00B8C2AE /* Parser.swift */ = {isa = PBXFileReference; lastKnownFileType = sourcecode.swift; path = Parser.swift; sourceTree = "<group>"; };
		90E6837D2E4A33D200B8C2AE /* CompletionHandler.swift */ = {isa = PBXFileReference; lastKnownFileType = sourcecode.swift; path = CompletionHandler.swift; sourceTree = "<group>"; };
		90E683802E4A33FA00B8C2AE /* WMLoginViewController.swift */ = {isa = PBXFileReference; lastKnownFileType = sourcecode.swift; path = WMLoginViewController.swift; sourceTree = "<group>"; };
		90E683822E4A344800B8C2AE /* WMLoginViewController.xib */ = {isa = PBXFileReference; lastKnownFileType = file.xib; path = WMLoginViewController.xib; sourceTree = "<group>"; };
		90E683852E4A34D700B8C2AE /* WMSelectAccountViewController.swift */ = {isa = PBXFileReference; lastKnownFileType = sourcecode.swift; path = WMSelectAccountViewController.swift; sourceTree = "<group>"; };
		90E683872E4A352500B8C2AE /* WMSelectAccountViewController.xib */ = {isa = PBXFileReference; lastKnownFileType = file.xib; path = WMSelectAccountViewController.xib; sourceTree = "<group>"; };
		90E6838F2E4A382800B8C2AE /* SelectVisitorViewController.swift */ = {isa = PBXFileReference; lastKnownFileType = sourcecode.swift; path = SelectVisitorViewController.swift; sourceTree = "<group>"; };
		90E683912E4A392500B8C2AE /* SelectVisitorViewController.xib */ = {isa = PBXFileReference; lastKnownFileType = file.xib; path = SelectVisitorViewController.xib; sourceTree = "<group>"; };
		90E683942E4A39B200B8C2AE /* SelectVisitorTableViewCell.swift */ = {isa = PBXFileReference; lastKnownFileType = sourcecode.swift; path = SelectVisitorTableViewCell.swift; sourceTree = "<group>"; };
		90E683962E4A39D000B8C2AE /* SelectVisitorTableViewCell.xib */ = {isa = PBXFileReference; lastKnownFileType = file.xib; path = SelectVisitorTableViewCell.xib; sourceTree = "<group>"; };
		90E683982E4A3A4800B8C2AE /* WMSettingsViewController+SelectUser.swift */ = {isa = PBXFileReference; lastKnownFileType = sourcecode.swift; path = "WMSettingsViewController+SelectUser.swift"; sourceTree = "<group>"; };
		90E6839B2E4A3B4F00B8C2AE /* NetworkUtils.swift */ = {isa = PBXFileReference; lastKnownFileType = sourcecode.swift; path = NetworkUtils.swift; sourceTree = "<group>"; };
		90E6839D2E4A3B8200B8C2AE /* URLRequest.swift */ = {isa = PBXFileReference; lastKnownFileType = sourcecode.swift; path = URLRequest.swift; sourceTree = "<group>"; };
		90E6839F2E4A3B9700B8C2AE /* CustomButton.swift */ = {isa = PBXFileReference; lastKnownFileType = sourcecode.swift; path = CustomButton.swift; sourceTree = "<group>"; };
		90E683A12E4A3BCA00B8C2AE /* DemoVisitor.swift */ = {isa = PBXFileReference; lastKnownFileType = sourcecode.swift; path = DemoVisitor.swift; sourceTree = "<group>"; };
		90E683A42E4A3CF900B8C2AE /* RoxchatService+Delegate.swift */ = {isa = PBXFileReference; lastKnownFileType = sourcecode.swift; path = "RoxchatService+Delegate.swift"; sourceTree = "<group>"; };
		90E683A62E4A3D0A00B8C2AE /* RoxchatService+Extension.swift */ = {isa = PBXFileReference; lastKnownFileType = sourcecode.swift; path = "RoxchatService+Extension.swift"; sourceTree = "<group>"; };
		90E683A82E4A3F7300B8C2AE /* RoxchatPingManager.swift */ = {isa = PBXFileReference; lastKnownFileType = sourcecode.swift; path = RoxchatPingManager.swift; sourceTree = "<group>"; };
		90E683AA2E4A3FB500B8C2AE /* ExternalWidgetBuilder.swift */ = {isa = PBXFileReference; lastKnownFileType = sourcecode.swift; path = ExternalWidgetBuilder.swift; sourceTree = "<group>"; };
		90E683AC2E4A3FCE00B8C2AE /* WMVisitorFieldsParser.swift */ = {isa = PBXFileReference; lastKnownFileType = sourcecode.swift; path = WMVisitorFieldsParser.swift; sourceTree = "<group>"; };
		90E683AE2E4A3FFE00B8C2AE /* WMVisitorFieldsManager.swift */ = {isa = PBXFileReference; lastKnownFileType = sourcecode.swift; path = WMVisitorFieldsManager.swift; sourceTree = "<group>"; };
		90E683B02E4A40A600B8C2AE /* UserDefaultsManager.swift */ = {isa = PBXFileReference; lastKnownFileType = sourcecode.swift; path = UserDefaultsManager.swift; sourceTree = "<group>"; };
		90E683B22E4A40BD00B8C2AE /* NetworkManager.swift */ = {isa = PBXFileReference; lastKnownFileType = sourcecode.swift; path = NetworkManager.swift; sourceTree = "<group>"; };
		90E683B62E4A444700B8C2AE /* UIWindow.swift */ = {isa = PBXFileReference; lastKnownFileType = sourcecode.swift; path = UIWindow.swift; sourceTree = "<group>"; };
		AB52E1C1E0F009A386DC1C6C /* LICENSE */ = {isa = PBXFileReference; includeInIndex = 1; lastKnownFileType = text; name = LICENSE; path = ../LICENSE; sourceTree = "<group>"; };
		BE17D41C285B7DCD00DB606D /* WMLogsViewController.swift */ = {isa = PBXFileReference; lastKnownFileType = sourcecode.swift; path = WMLogsViewController.swift; sourceTree = "<group>"; };
		BE17D41D285B7DCD00DB606D /* WMLogsViewController.xib */ = {isa = PBXFileReference; lastKnownFileType = file.xib; path = WMLogsViewController.xib; sourceTree = "<group>"; };
		BE385E0B286EB8FA00BCEB7A /* NavigationBarUpdater.swift */ = {isa = PBXFileReference; lastKnownFileType = sourcecode.swift; path = NavigationBarUpdater.swift; sourceTree = "<group>"; };
		C4CD65CA48F80B5A4AD826B3 /* RoxchatClientLibrary.podspec */ = {isa = PBXFileReference; includeInIndex = 1; lastKnownFileType = text; name = RoxchatClientLibrary.podspec; path = ../RoxchatClientLibrary.podspec; sourceTree = "<group>"; xcLanguageSpecificationIdentifier = xcode.lang.ruby; };
		CE0AD26F1F96477500EA9148 /* RoxchatClientLibrary_Example.entitlements */ = {isa = PBXFileReference; lastKnownFileType = text.plist.entitlements; path = RoxchatClientLibrary_Example.entitlements; sourceTree = "<group>"; };
		CE45EDDF1F95F95C00F56319 /* MimeType.swift */ = {isa = PBXFileReference; lastKnownFileType = sourcecode.swift; path = MimeType.swift; sourceTree = "<group>"; };
		CE591A421FC2F31E004C95EE /* RoxchatService.swift */ = {isa = PBXFileReference; lastKnownFileType = sourcecode.swift; path = RoxchatService.swift; sourceTree = "<group>"; };
		CE88BCD21FCD88EA00A4FA2E /* Settings.swift */ = {isa = PBXFileReference; lastKnownFileType = sourcecode.swift; path = Settings.swift; sourceTree = "<group>"; };
		CE9379091FEAADC80057E270 /* Base */ = {isa = PBXFileReference; lastKnownFileType = text.plist.strings; name = Base; path = Base.lproj/Localizable.strings; sourceTree = "<group>"; };
		CEA849041FFCE29A006CC417 /* UITableView.swift */ = {isa = PBXFileReference; lastKnownFileType = sourcecode.swift; path = UITableView.swift; sourceTree = "<group>"; };
		CEBFB67E2018CB0F00D9E5F6 /* String.swift */ = {isa = PBXFileReference; lastKnownFileType = sourcecode.swift; path = String.swift; sourceTree = "<group>"; };
		CEBFB6802018E50500D9E5F6 /* UIViewController.swift */ = {isa = PBXFileReference; lastKnownFileType = sourcecode.swift; path = UIViewController.swift; sourceTree = "<group>"; };
		DD71AD04234DAFDC00A32FB6 /* UIAlertHandler.swift */ = {isa = PBXFileReference; fileEncoding = 4; lastKnownFileType = sourcecode.swift; path = UIAlertHandler.swift; sourceTree = "<group>"; };
		DD8A8D2C232A3E200011D275 /* LaunchScreenController.swift */ = {isa = PBXFileReference; lastKnownFileType = sourcecode.swift; path = LaunchScreenController.swift; sourceTree = "<group>"; };
		DD8A8D36233001510011D275 /* UIView.swift */ = {isa = PBXFileReference; lastKnownFileType = sourcecode.swift; path = UIView.swift; sourceTree = "<group>"; };
		DDC7924B23573D8700AF424F /* en */ = {isa = PBXFileReference; lastKnownFileType = file.storyboard; name = en; path = en.lproj/LaunchScreen.storyboard; sourceTree = "<group>"; };
		DDC7924C23573D9300AF424F /* en */ = {isa = PBXFileReference; lastKnownFileType = file.storyboard; name = en; path = en.lproj/LaunchScreenController.storyboard; sourceTree = "<group>"; };
		DDCC52572356333400D39F8A /* ImageConstants.swift */ = {isa = PBXFileReference; lastKnownFileType = sourcecode.swift; path = ImageConstants.swift; sourceTree = "<group>"; };
		DDCC52592356360F00D39F8A /* ColourConstants.swift */ = {isa = PBXFileReference; lastKnownFileType = sourcecode.swift; path = ColourConstants.swift; sourceTree = "<group>"; };
		EB8C258A78F3730770936414 /* README.md */ = {isa = PBXFileReference; includeInIndex = 1; lastKnownFileType = net.daringfireball.markdown; name = README.md; path = ../README.md; sourceTree = "<group>"; };
/* End PBXFileReference section */

/* Begin PBXFrameworksBuildPhase section */
		607FACCD1AFB9204008FA782 /* Frameworks */ = {
			isa = PBXFrameworksBuildPhase;
			buildActionMask = 2147483647;
			files = (
				90099CE62E8543EE009E561A /* RoxChatMobileWidget in Frameworks */,
				90E6838B2E4A374F00B8C2AE /* RoxChatMobileWidget in Frameworks */,
				90FB329A2E855096003FBE91 /* RoxChatMobileWidget in Frameworks */,
				904D941D2E843B63000C8502 /* RoxchatClientLibrary in Frameworks */,
				90C595C12E576E6F00BB70C6 /* FirebaseAnalyticsWithoutAdIdSupport in Frameworks */,
				90099CEF2E854EA8009E561A /* RoxChatMobileWidget in Frameworks */,
				904D94172E843218000C8502 /* RoxChatMobileWidget in Frameworks */,
				90099CEC2E854E5D009E561A /* RoxChatMobileWidget in Frameworks */,
				90C595BF2E576E6A00BB70C6 /* FirebaseAnalyticsOnDeviceConversion in Frameworks */,
				90C595C32E576E7600BB70C6 /* FirebaseAppCheck in Frameworks */,
				90C595B92E576E4B00BB70C6 /* FirebaseAnalytics in Frameworks */,
				904D94202E843D45000C8502 /* RoxChatMobileWidget in Frameworks */,
				90C595BD2E576E5C00BB70C6 /* FirebaseAppDistribution-Beta in Frameworks */,
			);
			runOnlyForDeploymentPostprocessing = 0;
		};
/* End PBXFrameworksBuildPhase section */

/* Begin PBXGroup section */
		127F7850264A78790084836E /* ViewControllers */ = {
			isa = PBXGroup;
			children = (
				90E6837F2E4A33E900B8C2AE /* WMLoginViewController */,
				90E683842E4A34C700B8C2AE /* WMSelectAccountViewController */,
				BE17D417285B7D7E00DB606D /* WMLogsViewController */,
				90BC04832796F4BE0081A75F /* WMStartViewController */,
				90E6838E2E4A37E100B8C2AE /* SelectVisitorViewController */,
				127F785B264A791F0084836E /* SettingsViewController */,
				DD8A8D2C232A3E200011D275 /* LaunchScreenController.swift */,
			);
			path = ViewControllers;
			sourceTree = "<group>";
		};
		127F7854264A78840084836E /* Extensions */ = {
			isa = PBXGroup;
			children = (
				90E683B62E4A444700B8C2AE /* UIWindow.swift */,
				DD8A8D36233001510011D275 /* UIView.swift */,
				CEBFB6802018E50500D9E5F6 /* UIViewController.swift */,
				122DD62027918C0700093609 /* UINavigationController.swift */,
				CEBFB67E2018CB0F00D9E5F6 /* String.swift */,
				CEA849041FFCE29A006CC417 /* UITableView.swift */,
			);
			path = Extensions;
			sourceTree = "<group>";
		};
		127F7855264A78890084836E /* Storyboards */ = {
			isa = PBXGroup;
			children = (
				DDC7924823573CFF00AF424F /* LaunchScreen.storyboard */,
				DDC7924323573CB500AF424F /* LaunchScreenController.storyboard */,
			);
			path = Storyboards;
			sourceTree = "<group>";
		};
		127F785B264A791F0084836E /* SettingsViewController */ = {
			isa = PBXGroup;
			children = (
				90E683932E4A39A000B8C2AE /* Cells */,
				1239B896277F0E2E00D0CC2E /* WMSettingsViewController.swift */,
				12925812278BF98D003C3BB2 /* WMSettingsViewController+Setup.swift */,
				1239B89A277F189200D0CC2E /* WMSettingsViewController+UITableView.swift */,
				90E683982E4A3A4800B8C2AE /* WMSettingsViewController+SelectUser.swift */,
				12ADB882278D753900EC2B1F /* WMSettingsViewController.xib */,
			);
			path = SettingsViewController;
			sourceTree = "<group>";
		};
		607FACC71AFB9204008FA782 = {
			isa = PBXGroup;
			children = (
				90C595B12E5764E400BB70C6 /* Cartfile */,
				11536EB328ABC53D009865AD /* GoogleService-Info.plist */,
				607FACF51AFB993E008FA782 /* Podspec Metadata */,
				CE0AD26F1F96477500EA9148 /* RoxchatClientLibrary_Example.entitlements */,
				607FACD21AFB9204008FA782 /* Example for RoxchatClientLibrary */,
				607FACD11AFB9204008FA782 /* Products */,
			);
			sourceTree = "<group>";
		};
		607FACD11AFB9204008FA782 /* Products */ = {
			isa = PBXGroup;
			children = (
				607FACD01AFB9204008FA782 /* RoxchatClientLibrary_Example.app */,
			);
			name = Products;
			sourceTree = "<group>";
		};
		607FACD21AFB9204008FA782 /* Example for RoxchatClientLibrary */ = {
			isa = PBXGroup;
			children = (
				90E6837A2E4A339B00B8C2AE /* Protocols */,
				127F7855264A78890084836E /* Storyboards */,
				127F7854264A78840084836E /* Extensions */,
				127F7850264A78790084836E /* ViewControllers */,
				CEA832661F990689004845F0 /* AppearanceSettings */,
				CEC2787A2031A0110043899C /* Models */,
				CE45EDDE1F95F94200F56319 /* Utilities */,
				607FACD51AFB9204008FA782 /* AppDelegate.swift */,
				607FACDC1AFB9204008FA782 /* Images.xcassets */,
				607FACD31AFB9204008FA782 /* Supporting Files */,
				CE5A03BC1FDEB756009D320A /* Localizable.strings */,
			);
			name = "Example for RoxchatClientLibrary";
			path = RoxchatClientLibrary;
			sourceTree = "<group>";
		};
		607FACD31AFB9204008FA782 /* Supporting Files */ = {
			isa = PBXGroup;
			children = (
				607FACD41AFB9204008FA782 /* Info.plist */,
			);
			name = "Supporting Files";
			sourceTree = "<group>";
		};
		607FACF51AFB993E008FA782 /* Podspec Metadata */ = {
			isa = PBXGroup;
			children = (
				C4CD65CA48F80B5A4AD826B3 /* RoxchatClientLibrary.podspec */,
				EB8C258A78F3730770936414 /* README.md */,
				AB52E1C1E0F009A386DC1C6C /* LICENSE */,
			);
			name = "Podspec Metadata";
			sourceTree = "<group>";
		};
		90BC04832796F4BE0081A75F /* WMStartViewController */ = {
			isa = PBXGroup;
			children = (
				607FACD71AFB9204008FA782 /* WMStartViewController.swift */,
				90BC0497279A040B0081A75F /* WMStartViewController.xib */,
			);
			path = WMStartViewController;
			sourceTree = "<group>";
		};
		90E6837A2E4A339B00B8C2AE /* Protocols */ = {
			isa = PBXGroup;
			children = (
				90E6837D2E4A33D200B8C2AE /* CompletionHandler.swift */,
				90E6837B2E4A33AA00B8C2AE /* Parser.swift */,
			);
			path = Protocols;
			sourceTree = "<group>";
		};
		90E6837F2E4A33E900B8C2AE /* WMLoginViewController */ = {
			isa = PBXGroup;
			children = (
				90E683802E4A33FA00B8C2AE /* WMLoginViewController.swift */,
				90E683822E4A344800B8C2AE /* WMLoginViewController.xib */,
			);
			path = WMLoginViewController;
			sourceTree = "<group>";
		};
		90E683842E4A34C700B8C2AE /* WMSelectAccountViewController */ = {
			isa = PBXGroup;
			children = (
				90E683852E4A34D700B8C2AE /* WMSelectAccountViewController.swift */,
				90E683872E4A352500B8C2AE /* WMSelectAccountViewController.xib */,
			);
			path = WMSelectAccountViewController;
			sourceTree = "<group>";
		};
		90E6838E2E4A37E100B8C2AE /* SelectVisitorViewController */ = {
			isa = PBXGroup;
			children = (
				90E6838F2E4A382800B8C2AE /* SelectVisitorViewController.swift */,
				90E683912E4A392500B8C2AE /* SelectVisitorViewController.xib */,
			);
			path = SelectVisitorViewController;
			sourceTree = "<group>";
		};
		90E683932E4A39A000B8C2AE /* Cells */ = {
			isa = PBXGroup;
			children = (
				90E683942E4A39B200B8C2AE /* SelectVisitorTableViewCell.swift */,
				90E683962E4A39D000B8C2AE /* SelectVisitorTableViewCell.xib */,
			);
			path = Cells;
			sourceTree = "<group>";
		};
		90E683A32E4A3CE000B8C2AE /* RoxchatService */ = {
			isa = PBXGroup;
			children = (
				1295C6AE2602BB5200F7BE80 /* RoxchatServiceController.swift */,
				CE591A421FC2F31E004C95EE /* RoxchatService.swift */,
				90E683A62E4A3D0A00B8C2AE /* RoxchatService+Extension.swift */,
				90E683A42E4A3CF900B8C2AE /* RoxchatService+Delegate.swift */,
			);
			path = RoxchatService;
			sourceTree = "<group>";
		};
		BE17D417285B7D7E00DB606D /* WMLogsViewController */ = {
			isa = PBXGroup;
			children = (
				BE17D41C285B7DCD00DB606D /* WMLogsViewController.swift */,
				BE17D41D285B7DCD00DB606D /* WMLogsViewController.xib */,
			);
			path = WMLogsViewController;
			sourceTree = "<group>";
		};
		CE45EDDE1F95F94200F56319 /* Utilities */ = {
			isa = PBXGroup;
			children = (
				90E683A12E4A3BCA00B8C2AE /* DemoVisitor.swift */,
				90E6839F2E4A3B9700B8C2AE /* CustomButton.swift */,
				90E6839B2E4A3B4F00B8C2AE /* NetworkUtils.swift */,
				CE45EDDF1F95F95C00F56319 /* MimeType.swift */,
				127D2AEB26E6018100FD60DF /* WMTestManager.swift */,
				90E6839D2E4A3B8200B8C2AE /* URLRequest.swift */,
			);
			path = Utilities;
			sourceTree = "<group>";
		};
		CEA832661F990689004845F0 /* AppearanceSettings */ = {
			isa = PBXGroup;
			children = (
				DDCC52592356360F00D39F8A /* ColourConstants.swift */,
				DDCC52572356333400D39F8A /* ImageConstants.swift */,
			);
			path = AppearanceSettings;
			sourceTree = "<group>";
		};
		CEC2787A2031A0110043899C /* Models */ = {
			isa = PBXGroup;
			children = (
				90E683A32E4A3CE000B8C2AE /* RoxchatService */,
				90E683A82E4A3F7300B8C2AE /* RoxchatPingManager.swift */,
				DD71AD04234DAFDC00A32FB6 /* UIAlertHandler.swift */,
				CE88BCD21FCD88EA00A4FA2E /* Settings.swift */,
				BE385E0B286EB8FA00BCEB7A /* NavigationBarUpdater.swift */,
				90E683AA2E4A3FB500B8C2AE /* ExternalWidgetBuilder.swift */,
				90E683AC2E4A3FCE00B8C2AE /* WMVisitorFieldsParser.swift */,
				90E683AE2E4A3FFE00B8C2AE /* WMVisitorFieldsManager.swift */,
				90E683B02E4A40A600B8C2AE /* UserDefaultsManager.swift */,
				90E683B22E4A40BD00B8C2AE /* NetworkManager.swift */,
			);
			path = Models;
			sourceTree = "<group>";
		};
/* End PBXGroup section */

/* Begin PBXNativeTarget section */
		607FACCF1AFB9204008FA782 /* RoxchatClientLibrary_Example */ = {
			isa = PBXNativeTarget;
			buildConfigurationList = 607FACEF1AFB9204008FA782 /* Build configuration list for PBXNativeTarget "RoxchatClientLibrary_Example" */;
			buildPhases = (
				607FACCC1AFB9204008FA782 /* Sources */,
				607FACCD1AFB9204008FA782 /* Frameworks */,
				607FACCE1AFB9204008FA782 /* Resources */,
				129C626425E83D60009D4328 /* ShellScript */,
			);
			buildRules = (
			);
			dependencies = (
			);
			name = RoxchatClientLibrary_Example;
			productName = RoxchatClientLibrary;
			productReference = 607FACD01AFB9204008FA782 /* RoxchatClientLibrary_Example.app */;
			productType = "com.apple.product-type.application";
		};
/* End PBXNativeTarget section */

/* Begin PBXProject section */
		607FACC81AFB9204008FA782 /* Project object */ = {
			isa = PBXProject;
			attributes = {
				LastSwiftUpdateCheck = 1230;
				LastUpgradeCheck = 1010;
				ORGANIZATIONNAME = Roxchat;
				TargetAttributes = {
					607FACCF1AFB9204008FA782 = {
						CreatedOnToolsVersion = 6.3.1;
						LastSwiftMigration = 0900;
						SystemCapabilities = {
							com.apple.Push = {
								enabled = 1;
							};
						};
					};
				};
			};
			buildConfigurationList = 607FACCB1AFB9204008FA782 /* Build configuration list for PBXProject "RoxchatClientLibrary" */;
			compatibilityVersion = "Xcode 3.2";
			developmentRegion = en;
			hasScannedForEncodings = 0;
			knownRegions = (
				en,
				Base,
			);
			mainGroup = 607FACC71AFB9204008FA782;
			packageReferences = (
				90E6838C2E4A378900B8C2AE /* XCRemoteSwiftPackageReference "firebase-ios-sdk" */,
				90FB32982E855096003FBE91 /* XCRemoteSwiftPackageReference "mobile-widget-ios" */,
			);
			productRefGroup = 607FACD11AFB9204008FA782 /* Products */;
			projectDirPath = "";
			projectRoot = "";
			targets = (
				607FACCF1AFB9204008FA782 /* RoxchatClientLibrary_Example */,
			);
		};
/* End PBXProject section */

/* Begin PBXResourcesBuildPhase section */
		607FACCE1AFB9204008FA782 /* Resources */ = {
			isa = PBXResourcesBuildPhase;
			buildActionMask = 2147483647;
			files = (
				BE17D41F285B7DCD00DB606D /* WMLogsViewController.xib in Resources */,
				90E683882E4A352500B8C2AE /* WMSelectAccountViewController.xib in Resources */,
				DDC7924623573CFF00AF424F /* LaunchScreen.storyboard in Resources */,
				90E683972E4A39D000B8C2AE /* SelectVisitorTableViewCell.xib in Resources */,
				DDC7924123573CB500AF424F /* LaunchScreenController.storyboard in Resources */,
				12887177269D8DCA0080159A /* Localizable.strings in Resources */,
				90E683922E4A392600B8C2AE /* SelectVisitorViewController.xib in Resources */,
				12ADB880278D753900EC2B1F /* WMSettingsViewController.xib in Resources */,
				90BC0495279A040B0081A75F /* WMStartViewController.xib in Resources */,
				90E683832E4A344800B8C2AE /* WMLoginViewController.xib in Resources */,
				607FACDD1AFB9204008FA782 /* Images.xcassets in Resources */,
			);
			runOnlyForDeploymentPostprocessing = 0;
		};
/* End PBXResourcesBuildPhase section */

/* Begin PBXShellScriptBuildPhase section */
		129C626425E83D60009D4328 /* ShellScript */ = {
			isa = PBXShellScriptBuildPhase;
			buildActionMask = 2147483647;
			files = (
			);
			inputFileListPaths = (
			);
			inputPaths = (
			);
			outputFileListPaths = (
			);
			outputPaths = (
			);
			runOnlyForDeploymentPostprocessing = 0;
			shellPath = /bin/sh;
			shellScript = "if which swiftlint >/dev/null; then\n  swiftlint\n#else\n  #echo \"warning: SwiftLint not installed, download from https://github.com/realm/SwiftLint\"\nfi\n";
		};
/* End PBXShellScriptBuildPhase section */

/* Begin PBXSourcesBuildPhase section */
		607FACCC1AFB9204008FA782 /* Sources */ = {
			isa = PBXSourcesBuildPhase;
			buildActionMask = 2147483647;
			files = (
				CE591A431FC2F31E004C95EE /* RoxchatService.swift in Sources */,
				DD71AD05234DAFDC00A32FB6 /* UIAlertHandler.swift in Sources */,
				CEBFB67F2018CB0F00D9E5F6 /* String.swift in Sources */,
				DDCC52582356333400D39F8A /* ImageConstants.swift in Sources */,
				607FACD81AFB9204008FA782 /* WMStartViewController.swift in Sources */,
				CEA849051FFCE29A006CC417 /* UITableView.swift in Sources */,
				90E683B12E4A40B500B8C2AE /* UserDefaultsManager.swift in Sources */,
				90E683A02E4A3BA200B8C2AE /* CustomButton.swift in Sources */,
				CE88BCD31FCD88EA00A4FA2E /* Settings.swift in Sources */,
				127D2AEC26E6018100FD60DF /* WMTestManager.swift in Sources */,
				90E683862E4A34D800B8C2AE /* WMSelectAccountViewController.swift in Sources */,
				90E683812E4A340800B8C2AE /* WMLoginViewController.swift in Sources */,
				90E683B32E4A40C600B8C2AE /* NetworkManager.swift in Sources */,
				90E6839C2E4A3B5B00B8C2AE /* NetworkUtils.swift in Sources */,
				90E683902E4A382F00B8C2AE /* SelectVisitorViewController.swift in Sources */,
				CE45EDE01F95F9F700F56319 /* MimeType.swift in Sources */,
				90E6839E2E4A3B8900B8C2AE /* URLRequest.swift in Sources */,
				90E683AF2E4A400500B8C2AE /* WMVisitorFieldsManager.swift in Sources */,
				CEBFB6812018E50500D9E5F6 /* UIViewController.swift in Sources */,
				BE17D41E285B7DCD00DB606D /* WMLogsViewController.swift in Sources */,
				90E6837C2E4A33AF00B8C2AE /* Parser.swift in Sources */,
				90E683AB2E4A3FC300B8C2AE /* ExternalWidgetBuilder.swift in Sources */,
				90E6837E2E4A33D300B8C2AE /* CompletionHandler.swift in Sources */,
				DD8A8D2D232A3E200011D275 /* LaunchScreenController.swift in Sources */,
				DD8A8D37233001510011D275 /* UIView.swift in Sources */,
				90E683AD2E4A3FD500B8C2AE /* WMVisitorFieldsParser.swift in Sources */,
				1295C6AF2602BB5200F7BE80 /* RoxchatServiceController.swift in Sources */,
				90E683992E4A3A5500B8C2AE /* WMSettingsViewController+SelectUser.swift in Sources */,
				607FACD61AFB9204008FA782 /* AppDelegate.swift in Sources */,
				90E683A52E4A3CFD00B8C2AE /* RoxchatService+Delegate.swift in Sources */,
				90E683B72E4A444D00B8C2AE /* UIWindow.swift in Sources */,
				BE385E0C286EB8FA00BCEB7A /* NavigationBarUpdater.swift in Sources */,
				DDCC525A2356360F00D39F8A /* ColourConstants.swift in Sources */,
				1239B89B277F189200D0CC2E /* WMSettingsViewController+UITableView.swift in Sources */,
				90E683A22E4A3BDC00B8C2AE /* DemoVisitor.swift in Sources */,
				122DD62127918C0700093609 /* UINavigationController.swift in Sources */,
				1239B898277F0E2E00D0CC2E /* WMSettingsViewController.swift in Sources */,
				90E683952E4A39B200B8C2AE /* SelectVisitorTableViewCell.swift in Sources */,
				90E683A92E4A3F8100B8C2AE /* RoxchatPingManager.swift in Sources */,
				12925813278BF98D003C3BB2 /* WMSettingsViewController+Setup.swift in Sources */,
				90E683A72E4A3D1200B8C2AE /* RoxchatService+Extension.swift in Sources */,
			);
			runOnlyForDeploymentPostprocessing = 0;
		};
/* End PBXSourcesBuildPhase section */

/* Begin PBXVariantGroup section */
		12ADB882278D753900EC2B1F /* WMSettingsViewController.xib */ = {
			isa = PBXVariantGroup;
			children = (
				12ADB881278D753900EC2B1F /* Base */,
				9083159427F1AC2400774EE0 /* en */,
			);
			name = WMSettingsViewController.xib;
			sourceTree = "<group>";
		};
		90BC0497279A040B0081A75F /* WMStartViewController.xib */ = {
			isa = PBXVariantGroup;
			children = (
				90BC0496279A040B0081A75F /* Base */,
				90BC0499279A045F0081A75F /* en */,
			);
			name = WMStartViewController.xib;
			sourceTree = "<group>";
		};
		CE5A03BC1FDEB756009D320A /* Localizable.strings */ = {
			isa = PBXVariantGroup;
			children = (
				CE9379091FEAADC80057E270 /* Base */,
				12ADB87A278D749C00EC2B1F /* en */,
			);
			name = Localizable.strings;
			sourceTree = "<group>";
		};
		DDC7924323573CB500AF424F /* LaunchScreenController.storyboard */ = {
			isa = PBXVariantGroup;
			children = (
				DDC7924C23573D9300AF424F /* en */,
			);
			name = LaunchScreenController.storyboard;
			sourceTree = "<group>";
		};
		DDC7924823573CFF00AF424F /* LaunchScreen.storyboard */ = {
			isa = PBXVariantGroup;
			children = (
				DDC7924B23573D8700AF424F /* en */,
			);
			name = LaunchScreen.storyboard;
			sourceTree = "<group>";
		};
/* End PBXVariantGroup section */

/* Begin XCBuildConfiguration section */
		607FACED1AFB9204008FA782 /* Debug */ = {
			isa = XCBuildConfiguration;
			buildSettings = {
				ALWAYS_EMBED_SWIFT_STANDARD_LIBRARIES = NO;
				ALWAYS_SEARCH_USER_PATHS = NO;
				CLANG_ANALYZER_LOCALIZABILITY_NONLOCALIZED = YES;
				CLANG_CXX_LANGUAGE_STANDARD = "gnu++0x";
				CLANG_CXX_LIBRARY = "libc++";
				CLANG_ENABLE_MODULES = YES;
				CLANG_ENABLE_OBJC_ARC = YES;
				CLANG_WARN_BLOCK_CAPTURE_AUTORELEASING = YES;
				CLANG_WARN_BOOL_CONVERSION = YES;
				CLANG_WARN_COMMA = YES;
				CLANG_WARN_CONSTANT_CONVERSION = YES;
				CLANG_WARN_DEPRECATED_OBJC_IMPLEMENTATIONS = YES;
				CLANG_WARN_DIRECT_OBJC_ISA_USAGE = YES_ERROR;
				CLANG_WARN_EMPTY_BODY = YES;
				CLANG_WARN_ENUM_CONVERSION = YES;
				CLANG_WARN_INFINITE_RECURSION = YES;
				CLANG_WARN_INT_CONVERSION = YES;
				CLANG_WARN_NON_LITERAL_NULL_CONVERSION = YES;
				CLANG_WARN_OBJC_IMPLICIT_RETAIN_SELF = YES;
				CLANG_WARN_OBJC_LITERAL_CONVERSION = YES;
				CLANG_WARN_OBJC_ROOT_CLASS = YES_ERROR;
				CLANG_WARN_RANGE_LOOP_ANALYSIS = YES;
				CLANG_WARN_STRICT_PROTOTYPES = YES;
				CLANG_WARN_SUSPICIOUS_MOVE = YES;
				CLANG_WARN_UNREACHABLE_CODE = YES;
				CLANG_WARN__DUPLICATE_METHOD_MATCH = YES;
				"CODE_SIGN_IDENTITY[sdk=iphoneos*]" = "iPhone Developer: hummingbirddj@gmail.com (5AWBA79F9B)";
				COPY_PHASE_STRIP = NO;
				DEBUG_INFORMATION_FORMAT = "dwarf-with-dsym";
				ENABLE_STRICT_OBJC_MSGSEND = YES;
				ENABLE_TESTABILITY = YES;
				GCC_C_LANGUAGE_STANDARD = gnu99;
				GCC_DYNAMIC_NO_PIC = NO;
				GCC_NO_COMMON_BLOCKS = YES;
				GCC_OPTIMIZATION_LEVEL = 0;
				GCC_PREPROCESSOR_DEFINITIONS = (
					"DEBUG=1",
					"$(inherited)",
				);
				GCC_SYMBOLS_PRIVATE_EXTERN = NO;
				GCC_WARN_64_TO_32_BIT_CONVERSION = YES;
				GCC_WARN_ABOUT_RETURN_TYPE = YES_ERROR;
				GCC_WARN_UNDECLARED_SELECTOR = YES;
				GCC_WARN_UNINITIALIZED_AUTOS = YES_AGGRESSIVE;
				GCC_WARN_UNUSED_FUNCTION = YES;
				GCC_WARN_UNUSED_VARIABLE = YES;
				IPHONEOS_DEPLOYMENT_TARGET = 11.0;
				MTL_ENABLE_DEBUG_INFO = YES;
				ONLY_ACTIVE_ARCH = YES;
				SDKROOT = iphoneos;
				SWIFT_OPTIMIZATION_LEVEL = "-Onone";
				TARGETED_DEVICE_FAMILY = "1,2";
			};
			name = Debug;
		};
		607FACEE1AFB9204008FA782 /* Release */ = {
			isa = XCBuildConfiguration;
			buildSettings = {
				ALWAYS_EMBED_SWIFT_STANDARD_LIBRARIES = NO;
				ALWAYS_SEARCH_USER_PATHS = NO;
				CLANG_ANALYZER_LOCALIZABILITY_NONLOCALIZED = YES;
				CLANG_CXX_LANGUAGE_STANDARD = "gnu++0x";
				CLANG_CXX_LIBRARY = "libc++";
				CLANG_ENABLE_MODULES = YES;
				CLANG_ENABLE_OBJC_ARC = YES;
				CLANG_WARN_BLOCK_CAPTURE_AUTORELEASING = YES;
				CLANG_WARN_BOOL_CONVERSION = YES;
				CLANG_WARN_COMMA = YES;
				CLANG_WARN_CONSTANT_CONVERSION = YES;
				CLANG_WARN_DEPRECATED_OBJC_IMPLEMENTATIONS = YES;
				CLANG_WARN_DIRECT_OBJC_ISA_USAGE = YES_ERROR;
				CLANG_WARN_EMPTY_BODY = YES;
				CLANG_WARN_ENUM_CONVERSION = YES;
				CLANG_WARN_INFINITE_RECURSION = YES;
				CLANG_WARN_INT_CONVERSION = YES;
				CLANG_WARN_NON_LITERAL_NULL_CONVERSION = YES;
				CLANG_WARN_OBJC_IMPLICIT_RETAIN_SELF = YES;
				CLANG_WARN_OBJC_LITERAL_CONVERSION = YES;
				CLANG_WARN_OBJC_ROOT_CLASS = YES_ERROR;
				CLANG_WARN_RANGE_LOOP_ANALYSIS = YES;
				CLANG_WARN_STRICT_PROTOTYPES = YES;
				CLANG_WARN_SUSPICIOUS_MOVE = YES;
				CLANG_WARN_UNREACHABLE_CODE = YES;
				CLANG_WARN__DUPLICATE_METHOD_MATCH = YES;
				"CODE_SIGN_IDENTITY[sdk=iphoneos*]" = "iPhone Developer";
				COPY_PHASE_STRIP = NO;
				DEBUG_INFORMATION_FORMAT = "dwarf-with-dsym";
				ENABLE_NS_ASSERTIONS = NO;
				ENABLE_STRICT_OBJC_MSGSEND = YES;
				GCC_C_LANGUAGE_STANDARD = gnu99;
				GCC_NO_COMMON_BLOCKS = YES;
				GCC_WARN_64_TO_32_BIT_CONVERSION = YES;
				GCC_WARN_ABOUT_RETURN_TYPE = YES_ERROR;
				GCC_WARN_UNDECLARED_SELECTOR = YES;
				GCC_WARN_UNINITIALIZED_AUTOS = YES_AGGRESSIVE;
				GCC_WARN_UNUSED_FUNCTION = YES;
				GCC_WARN_UNUSED_VARIABLE = YES;
				IPHONEOS_DEPLOYMENT_TARGET = 11.0;
				MTL_ENABLE_DEBUG_INFO = NO;
				SDKROOT = iphoneos;
				SWIFT_COMPILATION_MODE = wholemodule;
				SWIFT_OPTIMIZATION_LEVEL = "-O";
				TARGETED_DEVICE_FAMILY = "1,2";
				VALIDATE_PRODUCT = YES;
			};
			name = Release;
		};
		607FACF01AFB9204008FA782 /* Debug */ = {
			isa = XCBuildConfiguration;
			buildSettings = {
				ASSETCATALOG_COMPILER_APPICON_NAME = AppIcon;
				CODE_SIGN_ENTITLEMENTS = RoxchatClientLibrary_Example.entitlements;
				CODE_SIGN_IDENTITY = "Apple Development";
				CODE_SIGN_STYLE = Automatic;
				CURRENT_PROJECT_VERSION = 1;
				DEVELOPMENT_TEAM = NHV62264UD;
				FRAMEWORK_SEARCH_PATHS = " $(inherited)";
				INFOPLIST_FILE = RoxchatClientLibrary/Info.plist;
				IPHONEOS_DEPLOYMENT_TARGET = 13.0;
				LD_RUNPATH_SEARCH_PATHS = (
					"$(inherited)",
					"@executable_path/Frameworks",
				);
				MARKETING_VERSION = 1.1.0;
				MODULE_NAME = ExampleApp;
				OTHER_SWIFT_FLAGS = "$(inherited) \"-D\" \"COCOAPODS\" -Xfrontend -warn-long-expression-type-checking=400 -Xfrontend -warn-long-function-bodies=400 -Onone";
				PRODUCT_BUNDLE_IDENTIFIER = com.roxchat.Widget;
				PRODUCT_NAME = "$(TARGET_NAME)";
				PROVISIONING_PROFILE = "";
				PROVISIONING_PROFILE_SPECIFIER = "";
				SWIFT_SWIFT3_OBJC_INFERENCE = Default;
				SWIFT_VERSION = 5.0;
				TARGETED_DEVICE_FAMILY = "1,2";
			};
			name = Debug;
		};
		607FACF11AFB9204008FA782 /* Release */ = {
			isa = XCBuildConfiguration;
			buildSettings = {
				ASSETCATALOG_COMPILER_APPICON_NAME = AppIcon;
				CODE_SIGN_ENTITLEMENTS = RoxchatClientLibrary_Example.entitlements;
				CODE_SIGN_IDENTITY = "Apple Development";
				CODE_SIGN_STYLE = Automatic;
				CURRENT_PROJECT_VERSION = 1;
				DEVELOPMENT_TEAM = NHV62264UD;
				FRAMEWORK_SEARCH_PATHS = " $(inherited)";
				INFOPLIST_FILE = RoxchatClientLibrary/Info.plist;
				IPHONEOS_DEPLOYMENT_TARGET = 13.0;
				LD_RUNPATH_SEARCH_PATHS = (
					"$(inherited)",
					"@executable_path/Frameworks",
				);
				MARKETING_VERSION = 1.1.0;
				MODULE_NAME = ExampleApp;
				PRODUCT_BUNDLE_IDENTIFIER = com.roxchat.Widget;
				PRODUCT_NAME = "$(TARGET_NAME)";
				PROVISIONING_PROFILE = "";
				PROVISIONING_PROFILE_SPECIFIER = "";
				SWIFT_SWIFT3_OBJC_INFERENCE = Default;
				SWIFT_VERSION = 5.0;
				TARGETED_DEVICE_FAMILY = "1,2";
			};
			name = Release;
		};
/* End XCBuildConfiguration section */

/* Begin XCConfigurationList section */
		607FACCB1AFB9204008FA782 /* Build configuration list for PBXProject "RoxchatClientLibrary" */ = {
			isa = XCConfigurationList;
			buildConfigurations = (
				607FACED1AFB9204008FA782 /* Debug */,
				607FACEE1AFB9204008FA782 /* Release */,
			);
			defaultConfigurationIsVisible = 0;
			defaultConfigurationName = Release;
		};
		607FACEF1AFB9204008FA782 /* Build configuration list for PBXNativeTarget "RoxchatClientLibrary_Example" */ = {
			isa = XCConfigurationList;
			buildConfigurations = (
				607FACF01AFB9204008FA782 /* Debug */,
				607FACF11AFB9204008FA782 /* Release */,
			);
			defaultConfigurationIsVisible = 0;
			defaultConfigurationName = Release;
		};
/* End XCConfigurationList section */

/* Begin XCRemoteSwiftPackageReference section */
		90099CE42E8543EE009E561A /* XCRemoteSwiftPackageReference "mobile-widget-ios" */ = {
			isa = XCRemoteSwiftPackageReference;
			repositoryURL = "https://github.com/roxchat/mobile-widget-ios";
			requirement = {
				kind = upToNextMajorVersion;
				minimumVersion = 1.1.1;
			};
		};
		90099CEA2E854E5D009E561A /* XCRemoteSwiftPackageReference "mobile-widget-ios" */ = {
			isa = XCRemoteSwiftPackageReference;
			repositoryURL = "https://github.com/roxchat/mobile-widget-ios";
			requirement = {
				kind = upToNextMajorVersion;
				minimumVersion = 1.1.1;
			};
		};
		90099CED2E854EA8009E561A /* XCRemoteSwiftPackageReference "mobile-widget-ios" */ = {
			isa = XCRemoteSwiftPackageReference;
			repositoryURL = "https://github.com/roxchat/mobile-widget-ios";
			requirement = {
				kind = exactVersion;
				version = 1.1.1;
			};
		};
		904D94152E843218000C8502 /* XCRemoteSwiftPackageReference "mobile-widget-ios" */ = {
			isa = XCRemoteSwiftPackageReference;
			repositoryURL = "https://github.com/roxchat/mobile-widget-ios";
			requirement = {
				kind = upToNextMajorVersion;
				minimumVersion = 1.1.1;
			};
		};
		904D941E2E843D45000C8502 /* XCRemoteSwiftPackageReference "mobile-widget-ios" */ = {
			isa = XCRemoteSwiftPackageReference;
			repositoryURL = "https://github.com/roxchat/mobile-widget-ios";
			requirement = {
				kind = upToNextMajorVersion;
				minimumVersion = 1.1.1;
			};
		};
		90E6838C2E4A378900B8C2AE /* XCRemoteSwiftPackageReference "firebase-ios-sdk" */ = {
			isa = XCRemoteSwiftPackageReference;
			repositoryURL = "https://github.com/firebase/firebase-ios-sdk.git";
			requirement = {
				kind = upToNextMajorVersion;
				minimumVersion = 11.8.1;
			};
		};
		90FB32982E855096003FBE91 /* XCRemoteSwiftPackageReference "mobile-widget-ios" */ = {
			isa = XCRemoteSwiftPackageReference;
			repositoryURL = "https://github.com/roxchat/mobile-widget-ios";
			requirement = {
				kind = upToNextMajorVersion;
				minimumVersion = 1.1.1;
			};
		};
/* End XCRemoteSwiftPackageReference section */

/* Begin XCSwiftPackageProductDependency section */
		90099CE52E8543EE009E561A /* RoxChatMobileWidget */ = {
			isa = XCSwiftPackageProductDependency;
			package = 90099CE42E8543EE009E561A /* XCRemoteSwiftPackageReference "mobile-widget-ios" */;
			productName = RoxChatMobileWidget;
		};
		90099CEB2E854E5D009E561A /* RoxChatMobileWidget */ = {
			isa = XCSwiftPackageProductDependency;
			package = 90099CEA2E854E5D009E561A /* XCRemoteSwiftPackageReference "mobile-widget-ios" */;
			productName = RoxChatMobileWidget;
		};
		90099CEE2E854EA8009E561A /* RoxChatMobileWidget */ = {
			isa = XCSwiftPackageProductDependency;
			package = 90099CED2E854EA8009E561A /* XCRemoteSwiftPackageReference "mobile-widget-ios" */;
			productName = RoxChatMobileWidget;
		};
		904D94162E843218000C8502 /* RoxChatMobileWidget */ = {
			isa = XCSwiftPackageProductDependency;
			package = 904D94152E843218000C8502 /* XCRemoteSwiftPackageReference "mobile-widget-ios" */;
			productName = RoxChatMobileWidget;
		};
		904D941C2E843B63000C8502 /* RoxchatClientLibrary */ = {
			isa = XCSwiftPackageProductDependency;
			productName = RoxchatClientLibrary;
		};
		904D941F2E843D45000C8502 /* RoxChatMobileWidget */ = {
			isa = XCSwiftPackageProductDependency;
			package = 904D941E2E843D45000C8502 /* XCRemoteSwiftPackageReference "mobile-widget-ios" */;
			productName = RoxChatMobileWidget;
		};
		90C595B82E576E4B00BB70C6 /* FirebaseAnalytics */ = {
			isa = XCSwiftPackageProductDependency;
			package = 90E6838C2E4A378900B8C2AE /* XCRemoteSwiftPackageReference "firebase-ios-sdk" */;
			productName = FirebaseAnalytics;
		};
		90C595BC2E576E5C00BB70C6 /* FirebaseAppDistribution-Beta */ = {
			isa = XCSwiftPackageProductDependency;
			package = 90E6838C2E4A378900B8C2AE /* XCRemoteSwiftPackageReference "firebase-ios-sdk" */;
			productName = "FirebaseAppDistribution-Beta";
		};
		90C595BE2E576E6A00BB70C6 /* FirebaseAnalyticsOnDeviceConversion */ = {
			isa = XCSwiftPackageProductDependency;
			package = 90E6838C2E4A378900B8C2AE /* XCRemoteSwiftPackageReference "firebase-ios-sdk" */;
			productName = FirebaseAnalyticsOnDeviceConversion;
		};
		90C595C02E576E6F00BB70C6 /* FirebaseAnalyticsWithoutAdIdSupport */ = {
			isa = XCSwiftPackageProductDependency;
			package = 90E6838C2E4A378900B8C2AE /* XCRemoteSwiftPackageReference "firebase-ios-sdk" */;
			productName = FirebaseAnalyticsWithoutAdIdSupport;
		};
		90C595C22E576E7600BB70C6 /* FirebaseAppCheck */ = {
			isa = XCSwiftPackageProductDependency;
			package = 90E6838C2E4A378900B8C2AE /* XCRemoteSwiftPackageReference "firebase-ios-sdk" */;
			productName = FirebaseAppCheck;
		};
		90E6838A2E4A374F00B8C2AE /* RoxChatMobileWidget */ = {
			isa = XCSwiftPackageProductDependency;
			productName = RoxChatMobileWidget;
		};
		90FB32992E855096003FBE91 /* RoxChatMobileWidget */ = {
			isa = XCSwiftPackageProductDependency;
			package = 90FB32982E855096003FBE91 /* XCRemoteSwiftPackageReference "mobile-widget-ios" */;
			productName = RoxChatMobileWidget;
		};
/* End XCSwiftPackageProductDependency section */
	};
	rootObject = 607FACC81AFB9204008FA782 /* Project object */;
}
